
Microsoft Visual Studio Solution File, Format Version 12.00
# Visual Studio Version 16
VisualStudioVersion = 16.0.30611.23
MinimumVisualStudioVersion = 10.0.40219.1
Project("{FAE04EC0-301F-11D3-BF4B-00C04F79EFBC}") = "Laboratorio5ED2", "Laboratorio5ED2\Laboratorio5ED2.csproj", "{7E29C418-F1C3-4ED2-B203-1EED827BC805}"
EndProject
Project("{FAE04EC0-301F-11D3-BF4B-00C04F79EFBC}") = "PruebasCifrado", "PruebasCifrado\PruebasCifrado.csproj", "{FA72F5DE-1306-4533-BF81-75971441DBF3}"
EndProject
Project("{FAE04EC0-301F-11D3-BF4B-00C04F79EFBC}") = "APICifrados", "APICifrados\APICifrados.csproj", "{AB8F0534-C809-42E6-954C-69973491B36A}"
EndProject
Global
	GlobalSection(SolutionConfigurationPlatforms) = preSolution
		Debug|Any CPU = Debug|Any CPU
		Release|Any CPU = Release|Any CPU
	EndGlobalSection
	GlobalSection(ProjectConfigurationPlatforms) = postSolution
		{7E29C418-F1C3-4ED2-B203-1EED827BC805}.Debug|Any CPU.ActiveCfg = Debug|Any CPU
		{7E29C418-F1C3-4ED2-B203-1EED827BC805}.Debug|Any CPU.Build.0 = Debug|Any CPU
		{7E29C418-F1C3-4ED2-B203-1EED827BC805}.Release|Any CPU.ActiveCfg = Release|Any CPU
		{7E29C418-F1C3-4ED2-B203-1EED827BC805}.Release|Any CPU.Build.0 = Release|Any CPU
		{FA72F5DE-1306-4533-BF81-75971441DBF3}.Debug|Any CPU.ActiveCfg = Debug|Any CPU
		{FA72F5DE-1306-4533-BF81-75971441DBF3}.Debug|Any CPU.Build.0 = Debug|Any CPU
		{FA72F5DE-1306-4533-BF81-75971441DBF3}.Release|Any CPU.ActiveCfg = Release|Any CPU
		{FA72F5DE-1306-4533-BF81-75971441DBF3}.Release|Any CPU.Build.0 = Release|Any CPU
		{AB8F0534-C809-42E6-954C-69973491B36A}.Debug|Any CPU.ActiveCfg = Debug|Any CPU
		{AB8F0534-C809-42E6-954C-69973491B36A}.Debug|Any CPU.Build.0 = Debug|Any CPU
		{AB8F0534-C809-42E6-954C-69973491B36A}.Release|Any CPU.ActiveCfg = Release|Any CPU
		{AB8F0534-C809-42E6-954C-69973491B36A}.Release|Any CPU.Build.0 = Release|Any CPU
	EndGlobalSection
	GlobalSection(SolutionProperties) = preSolution
		HideSolutionNode = FALSE
	EndGlobalSection
	GlobalSection(ExtensibilityGlobals) = postSolution
		SolutionGuid = {F1E27807-55BB-4EF5-A23E-6E0F4CD3FE2E}
	EndGlobalSection
EndGlobal
